
Microsoft Visual Studio Solution File, Format Version 12.00
# Visual Studio Version 17
VisualStudioVersion = 17.0.31808.319
MinimumVisualStudioVersion = 10.0.40219.1
Project("{9A19103F-16F7-4668-BE54-9A1E7A4F7556}") = "ConsoleTester", "ConsoleTester\ConsoleTester.csproj", "{132B7131-16BB-4497-84F7-571F870E8F37}"
EndProject
Project("{9A19103F-16F7-4668-BE54-9A1E7A4F7556}") = "PerformanceCompare", "PerformanceCompare\PerformanceCompare.csproj", "{6517C028-434E-465C-97D4-48DAE1997AE0}"
EndProject
Project("{9A19103F-16F7-4668-BE54-9A1E7A4F7556}") = "TextConvertorNuget", "TextConvertorNuget\TextConvertorNuget.csproj", "{375A63E1-4A54-474C-8847-043E3A941CFB}"
EndProject
Project("{FAE04EC0-301F-11D3-BF4B-00C04F79EFBC}") = "MSTest", "MSTest\MSTest.csproj", "{1E8BEAF5-F625-4774-93C6-942ECABB2848}"
EndProject
Global
	GlobalSection(SolutionConfigurationPlatforms) = preSolution
		Debug|Any CPU = Debug|Any CPU
		Release|Any CPU = Release|Any CPU
	EndGlobalSection
	GlobalSection(ProjectConfigurationPlatforms) = postSolution
		{132B7131-16BB-4497-84F7-571F870E8F37}.Debug|Any CPU.ActiveCfg = Debug|Any CPU
		{132B7131-16BB-4497-84F7-571F870E8F37}.Debug|Any CPU.Build.0 = Debug|Any CPU
		{132B7131-16BB-4497-84F7-571F870E8F37}.Release|Any CPU.ActiveCfg = Release|Any CPU
		{132B7131-16BB-4497-84F7-571F870E8F37}.Release|Any CPU.Build.0 = Release|Any CPU
		{6517C028-434E-465C-97D4-48DAE1997AE0}.Debug|Any CPU.ActiveCfg = Debug|Any CPU
		{6517C028-434E-465C-97D4-48DAE1997AE0}.Debug|Any CPU.Build.0 = Debug|Any CPU
		{6517C028-434E-465C-97D4-48DAE1997AE0}.Release|Any CPU.ActiveCfg = Release|Any CPU
		{6517C028-434E-465C-97D4-48DAE1997AE0}.Release|Any CPU.Build.0 = Release|Any CPU
		{375A63E1-4A54-474C-8847-043E3A941CFB}.Debug|Any CPU.ActiveCfg = Debug|Any CPU
		{375A63E1-4A54-474C-8847-043E3A941CFB}.Debug|Any CPU.Build.0 = Debug|Any CPU
		{375A63E1-4A54-474C-8847-043E3A941CFB}.Release|Any CPU.ActiveCfg = Release|Any CPU
		{375A63E1-4A54-474C-8847-043E3A941CFB}.Release|Any CPU.Build.0 = Release|Any CPU
		{1E8BEAF5-F625-4774-93C6-942ECABB2848}.Debug|Any CPU.ActiveCfg = Debug|Any CPU
		{1E8BEAF5-F625-4774-93C6-942ECABB2848}.Debug|Any CPU.Build.0 = Debug|Any CPU
		{1E8BEAF5-F625-4774-93C6-942ECABB2848}.Release|Any CPU.ActiveCfg = Release|Any CPU
		{1E8BEAF5-F625-4774-93C6-942ECABB2848}.Release|Any CPU.Build.0 = Release|Any CPU
	EndGlobalSection
	GlobalSection(SolutionProperties) = preSolution
		HideSolutionNode = FALSE
	EndGlobalSection
	GlobalSection(ExtensibilityGlobals) = postSolution
		SolutionGuid = {B1D37532-8109-471E-9A13-A97A2E533170}
	EndGlobalSection
EndGlobal
